// !$*UTF8*$!
{
	archiveVersion = 1;
	classes = {
	};
	objectVersion = 48;
	objects = {

/* Begin PBXBuildFile section */
		05342CFA1F94D9F00082AA9E /* AppDelegate.swift in Sources */ = {isa = PBXBuildFile; fileRef = 05342CF91F94D9F00082AA9E /* AppDelegate.swift */; };
		05342CFC1F94D9F00082AA9E /* ViewController.swift in Sources */ = {isa = PBXBuildFile; fileRef = 05342CFB1F94D9F00082AA9E /* ViewController.swift */; };
		05342CFF1F94D9F00082AA9E /* Main.storyboard in Resources */ = {isa = PBXBuildFile; fileRef = 05342CFD1F94D9F00082AA9E /* Main.storyboard */; };
		05342D011F94D9F00082AA9E /* Assets.xcassets in Resources */ = {isa = PBXBuildFile; fileRef = 05342D001F94D9F00082AA9E /* Assets.xcassets */; };
		05342D041F94D9F00082AA9E /* LaunchScreen.storyboard in Resources */ = {isa = PBXBuildFile; fileRef = 05342D021F94D9F00082AA9E /* LaunchScreen.storyboard */; };
		05342D0F1F94D9F00082AA9E /* CalculatorTests.swift in Sources */ = {isa = PBXBuildFile; fileRef = 05342D0E1F94D9F00082AA9E /* CalculatorTests.swift */; };
		05342D1A1F94D9F00082AA9E /* CalculatorUITests.swift in Sources */ = {isa = PBXBuildFile; fileRef = 05342D191F94D9F00082AA9E /* CalculatorUITests.swift */; };
/* End PBXBuildFile section */

/* Begin PBXContainerItemProxy section */
		05342D0B1F94D9F00082AA9E /* PBXContainerItemProxy */ = {
			isa = PBXContainerItemProxy;
			containerPortal = 05342CEE1F94D9F00082AA9E /* Project object */;
			proxyType = 1;
			remoteGlobalIDString = 05342CF51F94D9F00082AA9E;
			remoteInfo = Calculator;
		};
		05342D161F94D9F00082AA9E /* PBXContainerItemProxy */ = {
			isa = PBXContainerItemProxy;
			containerPortal = 05342CEE1F94D9F00082AA9E /* Project object */;
			proxyType = 1;
			remoteGlobalIDString = 05342CF51F94D9F00082AA9E;
			remoteInfo = Calculator;
		};
/* End PBXContainerItemProxy section */

/* Begin PBXFileReference section */
		05342CF61F94D9F00082AA9E /* Calculator.app */ = {isa = PBXFileReference; explicitFileType = wrapper.application; includeInIndex = 0; path = Calculator.app; sourceTree = BUILT_PRODUCTS_DIR; };
		05342CF91F94D9F00082AA9E /* AppDelegate.swift */ = {isa = PBXFileReference; lastKnownFileType = sourcecode.swift; path = AppDelegate.swift; sourceTree = "<group>"; };
		05342CFB1F94D9F00082AA9E /* ViewController.swift */ = {isa = PBXFileReference; lastKnownFileType = sourcecode.swift; path = ViewController.swift; sourceTree = "<group>"; };
		05342CFE1F94D9F00082AA9E /* Base */ = {isa = PBXFileReference; lastKnownFileType = file.storyboard; name = Base; path = Base.lproj/Main.storyboard; sourceTree = "<group>"; };
		05342D001F94D9F00082AA9E /* Assets.xcassets */ = {isa = PBXFileReference; lastKnownFileType = folder.assetcatalog; path = Assets.xcassets; sourceTree = "<group>"; };
		05342D031F94D9F00082AA9E /* Base */ = {isa = PBXFileReference; lastKnownFileType = file.storyboard; name = Base; path = Base.lproj/LaunchScreen.storyboard; sourceTree = "<group>"; };
		05342D051F94D9F00082AA9E /* Info.plist */ = {isa = PBXFileReference; lastKnownFileType = text.plist.xml; path = Info.plist; sourceTree = "<group>"; };
		05342D0A1F94D9F00082AA9E /* CalculatorTests.xctest */ = {isa = PBXFileReference; explicitFileType = wrapper.cfbundle; includeInIndex = 0; path = CalculatorTests.xctest; sourceTree = BUILT_PRODUCTS_DIR; };
		05342D0E1F94D9F00082AA9E /* CalculatorTests.swift */ = {isa = PBXFileReference; lastKnownFileType = sourcecode.swift; path = CalculatorTests.swift; sourceTree = "<group>"; };
		05342D101F94D9F00082AA9E /* Info.plist */ = {isa = PBXFileReference; lastKnownFileType = text.plist.xml; path = Info.plist; sourceTree = "<group>"; };
		05342D151F94D9F00082AA9E /* CalculatorUITests.xctest */ = {isa = PBXFileReference; explicitFileType = wrapper.cfbundle; includeInIndex = 0; path = CalculatorUITests.xctest; sourceTree = BUILT_PRODUCTS_DIR; };
		05342D191F94D9F00082AA9E /* CalculatorUITests.swift */ = {isa = PBXFileReference; lastKnownFileType = sourcecode.swift; path = CalculatorUITests.swift; sourceTree = "<group>"; };
		05342D1B1F94D9F00082AA9E /* Info.plist */ = {isa = PBXFileReference; lastKnownFileType = text.plist.xml; path = Info.plist; sourceTree = "<group>"; };
/* End PBXFileReference section */

/* Begin PBXFrameworksBuildPhase section */
		05342CF31F94D9F00082AA9E /* Frameworks */ = {
			isa = PBXFrameworksBuildPhase;
			buildActionMask = 2147483647;
			files = (
			);
			runOnlyForDeploymentPostprocessing = 0;
		};
		05342D071F94D9F00082AA9E /* Frameworks */ = {
			isa = PBXFrameworksBuildPhase;
			buildActionMask = 2147483647;
			files = (
			);
			runOnlyForDeploymentPostprocessing = 0;
		};
		05342D121F94D9F00082AA9E /* Frameworks */ = {
			isa = PBXFrameworksBuildPhase;
			buildActionMask = 2147483647;
			files = (
			);
			runOnlyForDeploymentPostprocessing = 0;
		};
/* End PBXFrameworksBuildPhase section */

/* Begin PBXGroup section */
		05342CED1F94D9F00082AA9E = {
			isa = PBXGroup;
			children = (
				05342CF81F94D9F00082AA9E /* Calculator */,
				05342D0D1F94D9F00082AA9E /* CalculatorTests */,
				05342D181F94D9F00082AA9E /* CalculatorUITests */,
				05342CF71F94D9F00082AA9E /* Products */,
			);
			sourceTree = "<group>";
		};
		05342CF71F94D9F00082AA9E /* Products */ = {
			isa = PBXGroup;
			children = (
				05342CF61F94D9F00082AA9E /* Calculator.app */,
				05342D0A1F94D9F00082AA9E /* CalculatorTests.xctest */,
				05342D151F94D9F00082AA9E /* CalculatorUITests.xctest */,
			);
			name = Products;
			sourceTree = "<group>";
		};
		05342CF81F94D9F00082AA9E /* Calculator */ = {
			isa = PBXGroup;
			children = (
				05342CF91F94D9F00082AA9E /* AppDelegate.swift */,
				05342CFB1F94D9F00082AA9E /* ViewController.swift */,
				05342CFD1F94D9F00082AA9E /* Main.storyboard */,
				05342D001F94D9F00082AA9E /* Assets.xcassets */,
				05342D021F94D9F00082AA9E /* LaunchScreen.storyboard */,
				05342D051F94D9F00082AA9E /* Info.plist */,
			);
			path = Calculator;
			sourceTree = "<group>";
		};
		05342D0D1F94D9F00082AA9E /* CalculatorTests */ = {
			isa = PBXGroup;
			children = (
				05342D0E1F94D9F00082AA9E /* CalculatorTests.swift */,
				05342D101F94D9F00082AA9E /* Info.plist */,
			);
			path = CalculatorTests;
			sourceTree = "<group>";
		};
		05342D181F94D9F00082AA9E /* CalculatorUITests */ = {
			isa = PBXGroup;
			children = (
				05342D191F94D9F00082AA9E /* CalculatorUITests.swift */,
				05342D1B1F94D9F00082AA9E /* Info.plist */,
			);
			path = CalculatorUITests;
			sourceTree = "<group>";
		};
/* End PBXGroup section */

/* Begin PBXNativeTarget section */
		05342CF51F94D9F00082AA9E /* Calculator */ = {
			isa = PBXNativeTarget;
			buildConfigurationList = 05342D1E1F94D9F00082AA9E /* Build configuration list for PBXNativeTarget "Calculator" */;
			buildPhases = (
				05342CF21F94D9F00082AA9E /* Sources */,
				05342CF31F94D9F00082AA9E /* Frameworks */,
				05342CF41F94D9F00082AA9E /* Resources */,
			);
			buildRules = (
			);
			dependencies = (
			);
			name = Calculator;
			productName = Calculator;
			productReference = 05342CF61F94D9F00082AA9E /* Calculator.app */;
			productType = "com.apple.product-type.application";
		};
		05342D091F94D9F00082AA9E /* CalculatorTests */ = {
			isa = PBXNativeTarget;
			buildConfigurationList = 05342D211F94D9F00082AA9E /* Build configuration list for PBXNativeTarget "CalculatorTests" */;
			buildPhases = (
				05342D061F94D9F00082AA9E /* Sources */,
				05342D071F94D9F00082AA9E /* Frameworks */,
				05342D081F94D9F00082AA9E /* Resources */,
			);
			buildRules = (
			);
			dependencies = (
				05342D0C1F94D9F00082AA9E /* PBXTargetDependency */,
			);
			name = CalculatorTests;
			productName = CalculatorTests;
			productReference = 05342D0A1F94D9F00082AA9E /* CalculatorTests.xctest */;
			productType = "com.apple.product-type.bundle.unit-test";
		};
		05342D141F94D9F00082AA9E /* CalculatorUITests */ = {
			isa = PBXNativeTarget;
			buildConfigurationList = 05342D241F94D9F00082AA9E /* Build configuration list for PBXNativeTarget "CalculatorUITests" */;
			buildPhases = (
				05342D111F94D9F00082AA9E /* Sources */,
				05342D121F94D9F00082AA9E /* Frameworks */,
				05342D131F94D9F00082AA9E /* Resources */,
			);
			buildRules = (
			);
			dependencies = (
				05342D171F94D9F00082AA9E /* PBXTargetDependency */,
			);
			name = CalculatorUITests;
			productName = CalculatorUITests;
			productReference = 05342D151F94D9F00082AA9E /* CalculatorUITests.xctest */;
			productType = "com.apple.product-type.bundle.ui-testing";
		};
/* End PBXNativeTarget section */

/* Begin PBXProject section */
		05342CEE1F94D9F00082AA9E /* Project object */ = {
			isa = PBXProject;
			attributes = {
				LastSwiftUpdateCheck = 0910;
				LastUpgradeCheck = 0910;
				ORGANIZATIONNAME = "Andy Smith";
				TargetAttributes = {
					05342CF51F94D9F00082AA9E = {
						CreatedOnToolsVersion = 9.1;
						ProvisioningStyle = Automatic;
					};
					05342D091F94D9F00082AA9E = {
						CreatedOnToolsVersion = 9.1;
						ProvisioningStyle = Automatic;
						TestTargetID = 05342CF51F94D9F00082AA9E;
					};
					05342D141F94D9F00082AA9E = {
						CreatedOnToolsVersion = 9.1;
						ProvisioningStyle = Automatic;
						TestTargetID = 05342CF51F94D9F00082AA9E;
					};
				};
			};
			buildConfigurationList = 05342CF11F94D9F00082AA9E /* Build configuration list for PBXProject "Calculator" */;
			compatibilityVersion = "Xcode 8.0";
			developmentRegion = en;
			hasScannedForEncodings = 0;
			knownRegions = (
				en,
				Base,
			);
			mainGroup = 05342CED1F94D9F00082AA9E;
			productRefGroup = 05342CF71F94D9F00082AA9E /* Products */;
			projectDirPath = "";
			projectRoot = "";
			targets = (
				05342CF51F94D9F00082AA9E /* Calculator */,
				05342D091F94D9F00082AA9E /* CalculatorTests */,
				05342D141F94D9F00082AA9E /* CalculatorUITests */,
			);
		};
/* End PBXProject section */

/* Begin PBXResourcesBuildPhase section */
		05342CF41F94D9F00082AA9E /* Resources */ = {
			isa = PBXResourcesBuildPhase;
			buildActionMask = 2147483647;
			files = (
				05342D041F94D9F00082AA9E /* LaunchScreen.storyboard in Resources */,
				05342D011F94D9F00082AA9E /* Assets.xcassets in Resources */,
				05342CFF1F94D9F00082AA9E /* Main.storyboard in Resources */,
			);
			runOnlyForDeploymentPostprocessing = 0;
		};
		05342D081F94D9F00082AA9E /* Resources */ = {
			isa = PBXResourcesBuildPhase;
			buildActionMask = 2147483647;
			files = (
			);
			runOnlyForDeploymentPostprocessing = 0;
		};
		05342D131F94D9F00082AA9E /* Resources */ = {
			isa = PBXResourcesBuildPhase;
			buildActionMask = 2147483647;
			files = (
			);
			runOnlyForDeploymentPostprocessing = 0;
		};
/* End PBXResourcesBuildPhase section */

/* Begin PBXSourcesBuildPhase section */
		05342CF21F94D9F00082AA9E /* Sources */ = {
			isa = PBXSourcesBuildPhase;
			buildActionMask = 2147483647;
			files = (
				05342CFC1F94D9F00082AA9E /* ViewController.swift in Sources */,
				05342CFA1F94D9F00082AA9E /* AppDelegate.swift in Sources */,
			);
			runOnlyForDeploymentPostprocessing = 0;
		};
		05342D061F94D9F00082AA9E /* Sources */ = {
			isa = PBXSourcesBuildPhase;
			buildActionMask = 2147483647;
			files = (
				05342D0F1F94D9F00082AA9E /* CalculatorTests.swift in Sources */,
			);
			runOnlyForDeploymentPostprocessing = 0;
		};
		05342D111F94D9F00082AA9E /* Sources */ = {
			isa = PBXSourcesBuildPhase;
			buildActionMask = 2147483647;
			files = (
				05342D1A1F94D9F00082AA9E /* CalculatorUITests.swift in Sources */,
			);
			runOnlyForDeploymentPostprocessing = 0;
		};
/* End PBXSourcesBuildPhase section */

/* Begin PBXTargetDependency section */
		05342D0C1F94D9F00082AA9E /* PBXTargetDependency */ = {
			isa = PBXTargetDependency;
			target = 05342CF51F94D9F00082AA9E /* Calculator */;
			targetProxy = 05342D0B1F94D9F00082AA9E /* PBXContainerItemProxy */;
		};
		05342D171F94D9F00082AA9E /* PBXTargetDependency */ = {
			isa = PBXTargetDependency;
			target = 05342CF51F94D9F00082AA9E /* Calculator */;
			targetProxy = 05342D161F94D9F00082AA9E /* PBXContainerItemProxy */;
		};
/* End PBXTargetDependency section */

/* Begin PBXVariantGroup section */
		05342CFD1F94D9F00082AA9E /* Main.storyboard */ = {
			isa = PBXVariantGroup;
			children = (
				05342CFE1F94D9F00082AA9E /* Base */,
			);
			name = Main.storyboard;
			sourceTree = "<group>";
		};
		05342D021F94D9F00082AA9E /* LaunchScreen.storyboard */ = {
			isa = PBXVariantGroup;
			children = (
				05342D031F94D9F00082AA9E /* Base */,
			);
			name = LaunchScreen.storyboard;
			sourceTree = "<group>";
		};
/* End PBXVariantGroup section */

/* Begin XCBuildConfiguration section */
		05342D1C1F94D9F00082AA9E /* Debug */ = {
			isa = XCBuildConfiguration;
			buildSettings = {
				ALWAYS_SEARCH_USER_PATHS = NO;
				CLANG_ANALYZER_NONNULL = YES;
				CLANG_ANALYZER_NUMBER_OBJECT_CONVERSION = YES_AGGRESSIVE;
				CLANG_CXX_LANGUAGE_STANDARD = "gnu++14";
				CLANG_CXX_LIBRARY = "libc++";
				CLANG_ENABLE_MODULES = YES;
				CLANG_ENABLE_OBJC_ARC = YES;
				CLANG_WARN_BLOCK_CAPTURE_AUTORELEASING = YES;
				CLANG_WARN_BOOL_CONVERSION = YES;
				CLANG_WARN_COMMA = YES;
				CLANG_WARN_CONSTANT_CONVERSION = YES;
				CLANG_WARN_DIRECT_OBJC_ISA_USAGE = YES_ERROR;
				CLANG_WARN_DOCUMENTATION_COMMENTS = YES;
				CLANG_WARN_EMPTY_BODY = YES;
				CLANG_WARN_ENUM_CONVERSION = YES;
				CLANG_WARN_INFINITE_RECURSION = YES;
				CLANG_WARN_INT_CONVERSION = YES;
				CLANG_WARN_NON_LITERAL_NULL_CONVERSION = YES;
				CLANG_WARN_OBJC_LITERAL_CONVERSION = YES;
				CLANG_WARN_OBJC_ROOT_CLASS = YES_ERROR;
				CLANG_WARN_RANGE_LOOP_ANALYSIS = YES;
				CLANG_WARN_STRICT_PROTOTYPES = YES;
				CLANG_WARN_SUSPICIOUS_MOVE = YES;
				CLANG_WARN_UNGUARDED_AVAILABILITY = YES_AGGRESSIVE;
				CLANG_WARN_UNREACHABLE_CODE = YES;
				CLANG_WARN__DUPLICATE_METHOD_MATCH = YES;
				CODE_SIGN_IDENTITY = "iPhone Developer";
				COPY_PHASE_STRIP = NO;
				DEBUG_INFORMATION_FORMAT = dwarf;
				ENABLE_STRICT_OBJC_MSGSEND = YES;
				ENABLE_TESTABILITY = YES;
				GCC_C_LANGUAGE_STANDARD = gnu11;
				GCC_DYNAMIC_NO_PIC = NO;
				GCC_NO_COMMON_BLOCKS = YES;
				GCC_OPTIMIZATION_LEVEL = 0;
				GCC_PREPROCESSOR_DEFINITIONS = (
					"DEBUG=1",
					"$(inherited)",
				);
				GCC_WARN_64_TO_32_BIT_CONVERSION = YES;
				GCC_WARN_ABOUT_RETURN_TYPE = YES_ERROR;
				GCC_WARN_UNDECLARED_SELECTOR = YES;
				GCC_WARN_UNINITIALIZED_AUTOS = YES_AGGRESSIVE;
				GCC_WARN_UNUSED_FUNCTION = YES;
				GCC_WARN_UNUSED_VARIABLE = YES;
				IPHONEOS_DEPLOYMENT_TARGET = 11.1;
				MTL_ENABLE_DEBUG_INFO = YES;
				ONLY_ACTIVE_ARCH = YES;
				SDKROOT = iphoneos;
				SWIFT_ACTIVE_COMPILATION_CONDITIONS = DEBUG;
				SWIFT_OPTIMIZATION_LEVEL = "-Onone";
			};
			name = Debug;
		};
		05342D1D1F94D9F00082AA9E /* Release */ = {
			isa = XCBuildConfiguration;
			buildSettings = {
				ALWAYS_SEARCH_USER_PATHS = NO;
				CLANG_ANALYZER_NONNULL = YES;
				CLANG_ANALYZER_NUMBER_OBJECT_CONVERSION = YES_AGGRESSIVE;
				CLANG_CXX_LANGUAGE_STANDARD = "gnu++14";
				CLANG_CXX_LIBRARY = "libc++";
				CLANG_ENABLE_MODULES = YES;
				CLANG_ENABLE_OBJC_ARC = YES;
				CLANG_WARN_BLOCK_CAPTURE_AUTORELEASING = YES;
				CLANG_WARN_BOOL_CONVERSION = YES;
				CLANG_WARN_COMMA = YES;
				CLANG_WARN_CONSTANT_CONVERSION = YES;
				CLANG_WARN_DIRECT_OBJC_ISA_USAGE = YES_ERROR;
				CLANG_WARN_DOCUMENTATION_COMMENTS = YES;
				CLANG_WARN_EMPTY_BODY = YES;
				CLANG_WARN_ENUM_CONVERSION = YES;
				CLANG_WARN_INFINITE_RECURSION = YES;
				CLANG_WARN_INT_CONVERSION = YES;
				CLANG_WARN_NON_LITERAL_NULL_CONVERSION = YES;
				CLANG_WARN_OBJC_LITERAL_CONVERSION = YES;
				CLANG_WARN_OBJC_ROOT_CLASS = YES_ERROR;
				CLANG_WARN_RANGE_LOOP_ANALYSIS = YES;
				CLANG_WARN_STRICT_PROTOTYPES = YES;
				CLANG_WARN_SUSPICIOUS_MOVE = YES;
				CLANG_WARN_UNGUARDED_AVAILABILITY = YES_AGGRESSIVE;
				CLANG_WARN_UNREACHABLE_CODE = YES;
				CLANG_WARN__DUPLICATE_METHOD_MATCH = YES;
				CODE_SIGN_IDENTITY = "iPhone Developer";
				COPY_PHASE_STRIP = NO;
				DEBUG_INFORMATION_FORMAT = "dwarf-with-dsym";
				ENABLE_NS_ASSERTIONS = NO;
				ENABLE_STRICT_OBJC_MSGSEND = YES;
				GCC_C_LANGUAGE_STANDARD = gnu11;
				GCC_NO_COMMON_BLOCKS = YES;
				GCC_WARN_64_TO_32_BIT_CONVERSION = YES;
				GCC_WARN_ABOUT_RETURN_TYPE = YES_ERROR;
				GCC_WARN_UNDECLARED_SELECTOR = YES;
				GCC_WARN_UNINITIALIZED_AUTOS = YES_AGGRESSIVE;
				GCC_WARN_UNUSED_FUNCTION = YES;
				GCC_WARN_UNUSED_VARIABLE = YES;
				IPHONEOS_DEPLOYMENT_TARGET = 11.1;
				MTL_ENABLE_DEBUG_INFO = NO;
				SDKROOT = iphoneos;
				SWIFT_OPTIMIZATION_LEVEL = "-Owholemodule";
				VALIDATE_PRODUCT = YES;
			};
			name = Release;
		};
		05342D1F1F94D9F00082AA9E /* Debug */ = {
			isa = XCBuildConfiguration;
			buildSettings = {
				ASSETCATALOG_COMPILER_APPICON_NAME = AppIcon;
				CODE_SIGN_STYLE = Automatic;
				INFOPLIST_FILE = Calculator/Info.plist;
				LD_RUNPATH_SEARCH_PATHS = "$(inherited) @executable_path/Frameworks";
				PRODUCT_BUNDLE_IDENTIFIER = LimbTech.Calculator;
				PRODUCT_NAME = "$(TARGET_NAME)";
				SWIFT_VERSION = 4.0;
				TARGETED_DEVICE_FAMILY = "1,2";
			};
			name = Debug;
		};
		05342D201F94D9F00082AA9E /* Release */ = {
			isa = XCBuildConfiguration;
			buildSettings = {
				ASSETCATALOG_COMPILER_APPICON_NAME = AppIcon;
				CODE_SIGN_STYLE = Automatic;
				INFOPLIST_FILE = Calculator/Info.plist;
				LD_RUNPATH_SEARCH_PATHS = "$(inherited) @executable_path/Frameworks";
				PRODUCT_BUNDLE_IDENTIFIER = LimbTech.Calculator;
				PRODUCT_NAME = "$(TARGET_NAME)";
				SWIFT_VERSION = 4.0;
				TARGETED_DEVICE_FAMILY = "1,2";
			};
			name = Release;
		};
		05342D221F94D9F00082AA9E /* Debug */ = {
			isa = XCBuildConfiguration;
			buildSettings = {
				ALWAYS_EMBED_SWIFT_STANDARD_LIBRARIES = YES;
				BUNDLE_LOADER = "$(TEST_HOST)";
				CODE_SIGN_STYLE = Automatic;
				INFOPLIST_FILE = CalculatorTests/Info.plist;
				LD_RUNPATH_SEARCH_PATHS = "$(inherited) @executable_path/Frameworks @loader_path/Frameworks";
				PRODUCT_BUNDLE_IDENTIFIER = LimbTech.CalculatorTests;
				PRODUCT_NAME = "$(TARGET_NAME)";
				SWIFT_VERSION = 4.0;
				TARGETED_DEVICE_FAMILY = "1,2";
				TEST_HOST = "$(BUILT_PRODUCTS_DIR)/Calculator.app/Calculator";
			};
			name = Debug;
		};
		05342D231F94D9F00082AA9E /* Release */ = {
			isa = XCBuildConfiguration;
			buildSettings = {
				ALWAYS_EMBED_SWIFT_STANDARD_LIBRARIES = YES;
				BUNDLE_LOADER = "$(TEST_HOST)";
				CODE_SIGN_STYLE = Automatic;
				INFOPLIST_FILE = CalculatorTests/Info.plist;
				LD_RUNPATH_SEARCH_PATHS = "$(inherited) @executable_path/Frameworks @loader_path/Frameworks";
				PRODUCT_BUNDLE_IDENTIFIER = LimbTech.CalculatorTests;
				PRODUCT_NAME = "$(TARGET_NAME)";
				SWIFT_VERSION = 4.0;
				TARGETED_DEVICE_FAMILY = "1,2";
				TEST_HOST = "$(BUILT_PRODUCTS_DIR)/Calculator.app/Calculator";
			};
			name = Release;
		};
		05342D251F94D9F00082AA9E /* Debug */ = {
			isa = XCBuildConfiguration;
			buildSettings = {
				ALWAYS_EMBED_SWIFT_STANDARD_LIBRARIES = YES;
				CODE_SIGN_STYLE = Automatic;
				INFOPLIST_FILE = CalculatorUITests/Info.plist;
				LD_RUNPATH_SEARCH_PATHS = "$(inherited) @executable_path/Frameworks @loader_path/Frameworks";
				PRODUCT_BUNDLE_IDENTIFIER = LimbTech.CalculatorUITests;
				PRODUCT_NAME = "$(TARGET_NAME)";
				SWIFT_VERSION = 4.0;
				TARGETED_DEVICE_FAMILY = "1,2";
				TEST_TARGET_NAME = Calculator;
			};
			name = Debug;
		};
		05342D261F94D9F00082AA9E /* Release */ = {
			isa = XCBuildConfiguration;
			buildSettings = {
				ALWAYS_EMBED_SWIFT_STANDARD_LIBRARIES = YES;
				CODE_SIGN_STYLE = Automatic;
				INFOPLIST_FILE = CalculatorUITests/Info.plist;
				LD_RUNPATH_SEARCH_PATHS = "$(inherited) @executable_path/Frameworks @loader_path/Frameworks";
				PRODUCT_BUNDLE_IDENTIFIER = LimbTech.CalculatorUITests;
				PRODUCT_NAME = "$(TARGET_NAME)";
				SWIFT_VERSION = 4.0;
				TARGETED_DEVICE_FAMILY = "1,2";
				TEST_TARGET_NAME = Calculator;
			};
			name = Release;
		};
/* End XCBuildConfiguration section */

/* Begin XCConfigurationList section */
		05342CF11F94D9F00082AA9E /* Build configuration list for PBXProject "Calculator" */ = {
			isa = XCConfigurationList;
			buildConfigurations = (
				05342D1C1F94D9F00082AA9E /* Debug */,
				05342D1D1F94D9F00082AA9E /* Release */,
			);
			defaultConfigurationIsVisible = 0;
			defaultConfigurationName = Release;
		};
		05342D1E1F94D9F00082AA9E /* Build configuration list for PBXNativeTarget "Calculator" */ = {
			isa = XCConfigurationList;
			buildConfigurations = (
				05342D1F1F94D9F00082AA9E /* Debug */,
				05342D201F94D9F00082AA9E /* Release */,
			);
			defaultConfigurationIsVisible = 0;
			defaultConfigurationName = Release;
		};
		05342D211F94D9F00082AA9E /* Build configuration list for PBXNativeTarget "CalculatorTests" */ = {
			isa = XCConfigurationList;
			buildConfigurations = (
				05342D221F94D9F00082AA9E /* Debug */,
				05342D231F94D9F00082AA9E /* Release */,
			);
			defaultConfigurationIsVisible = 0;
			defaultConfigurationName = Release;
		};
		05342D241F94D9F00082AA9E /* Build configuration list for PBXNativeTarget "CalculatorUITests" */ = {
			isa = XCConfigurationList;
			buildConfigurations = (
				05342D251F94D9F00082AA9E /* Debug */,
				05342D261F94D9F00082AA9E /* Release */,
			);
			defaultConfigurationIsVisible = 0;
			defaultConfigurationName = Release;
		};
/* End XCConfigurationList section */
	};
	rootObject = 05342CEE1F94D9F00082AA9E /* Project object */;
}
